
Microsoft Visual Studio Solution File, Format Version 12.00
Project("{FAE04EC0-301F-11D3-BF4B-00C04F79EFBC}") = "PracticeExercises", "PracticeExercises\PracticeExercises.csproj", "{2DABFCE6-A5D9-47D5-BBB0-8246E8DB5F2D}"
EndProject
Global
	GlobalSection(SolutionConfigurationPlatforms) = preSolution
		Debug|Any CPU = Debug|Any CPU
		Release|Any CPU = Release|Any CPU
	EndGlobalSection
	GlobalSection(ProjectConfigurationPlatforms) = postSolution
		{2DABFCE6-A5D9-47D5-BBB0-8246E8DB5F2D}.Debug|Any CPU.ActiveCfg = Debug|Any CPU
		{2DABFCE6-A5D9-47D5-BBB0-8246E8DB5F2D}.Debug|Any CPU.Build.0 = Debug|Any CPU
		{2DABFCE6-A5D9-47D5-BBB0-8246E8DB5F2D}.Release|Any CPU.ActiveCfg = Release|Any CPU
		{2DABFCE6-A5D9-47D5-BBB0-8246E8DB5F2D}.Release|Any CPU.Build.0 = Release|Any CPU
	EndGlobalSection
EndGlobal
